
Microsoft Visual Studio Solution File, Format Version 12.00
Project("{FAE04EC0-301F-11D3-BF4B-00C04F79EFBC}") = "CustomArray", "CustomArray\CustomArray.csproj", "{D2D002D2-33B6-486F-82E2-7699C5E6B5FF}"
EndProject
Project("{FAE04EC0-301F-11D3-BF4B-00C04F79EFBC}") = "CustomArrayTests", "CustomArrayTests\CustomArrayTests.csproj", "{8BB08397-B7BE-4BAF-BDDD-DFD3B7050F01}"
EndProject
Project("{FAE04EC0-301F-11D3-BF4B-00C04F79EFBC}") = "AufgabeUrlsAuslesen", "AufgabeUrlsAuslesen\AufgabeUrlsAuslesen.csproj", "{DCD0223F-A4C0-4C82-8F17-C4F8CB7EC8BC}"
EndProject
Project("{FAE04EC0-301F-11D3-BF4B-00C04F79EFBC}") = "TrackNetTextOnWebPage", "TrackNetTextOnWebPage\TrackNetTextOnWebPage.csproj", "{5000B8F5-A5B0-4A10-A407-1391481F616C}"
EndProject
Project("{FAE04EC0-301F-11D3-BF4B-00C04F79EFBC}") = "AufgabeUrlsAuslesenTests", "AufgabeUrlsAuslesenTests\AufgabeUrlsAuslesenTests.csproj", "{99E8FF7A-70C1-4619-948B-C7FECE97F638}"
EndProject
Global
	GlobalSection(SolutionConfigurationPlatforms) = preSolution
		Debug|Any CPU = Debug|Any CPU
		Release|Any CPU = Release|Any CPU
	EndGlobalSection
	GlobalSection(ProjectConfigurationPlatforms) = postSolution
		{D2D002D2-33B6-486F-82E2-7699C5E6B5FF}.Debug|Any CPU.ActiveCfg = Debug|Any CPU
		{D2D002D2-33B6-486F-82E2-7699C5E6B5FF}.Debug|Any CPU.Build.0 = Debug|Any CPU
		{D2D002D2-33B6-486F-82E2-7699C5E6B5FF}.Release|Any CPU.ActiveCfg = Release|Any CPU
		{D2D002D2-33B6-486F-82E2-7699C5E6B5FF}.Release|Any CPU.Build.0 = Release|Any CPU
		{8BB08397-B7BE-4BAF-BDDD-DFD3B7050F01}.Debug|Any CPU.ActiveCfg = Debug|Any CPU
		{8BB08397-B7BE-4BAF-BDDD-DFD3B7050F01}.Debug|Any CPU.Build.0 = Debug|Any CPU
		{8BB08397-B7BE-4BAF-BDDD-DFD3B7050F01}.Release|Any CPU.ActiveCfg = Release|Any CPU
		{8BB08397-B7BE-4BAF-BDDD-DFD3B7050F01}.Release|Any CPU.Build.0 = Release|Any CPU
		{DCD0223F-A4C0-4C82-8F17-C4F8CB7EC8BC}.Debug|Any CPU.ActiveCfg = Debug|Any CPU
		{DCD0223F-A4C0-4C82-8F17-C4F8CB7EC8BC}.Debug|Any CPU.Build.0 = Debug|Any CPU
		{DCD0223F-A4C0-4C82-8F17-C4F8CB7EC8BC}.Release|Any CPU.ActiveCfg = Release|Any CPU
		{DCD0223F-A4C0-4C82-8F17-C4F8CB7EC8BC}.Release|Any CPU.Build.0 = Release|Any CPU
		{5000B8F5-A5B0-4A10-A407-1391481F616C}.Debug|Any CPU.ActiveCfg = Debug|Any CPU
		{5000B8F5-A5B0-4A10-A407-1391481F616C}.Debug|Any CPU.Build.0 = Debug|Any CPU
		{5000B8F5-A5B0-4A10-A407-1391481F616C}.Release|Any CPU.ActiveCfg = Release|Any CPU
		{5000B8F5-A5B0-4A10-A407-1391481F616C}.Release|Any CPU.Build.0 = Release|Any CPU
		{99E8FF7A-70C1-4619-948B-C7FECE97F638}.Debug|Any CPU.ActiveCfg = Debug|Any CPU
		{99E8FF7A-70C1-4619-948B-C7FECE97F638}.Debug|Any CPU.Build.0 = Debug|Any CPU
		{99E8FF7A-70C1-4619-948B-C7FECE97F638}.Release|Any CPU.ActiveCfg = Release|Any CPU
		{99E8FF7A-70C1-4619-948B-C7FECE97F638}.Release|Any CPU.Build.0 = Release|Any CPU
	EndGlobalSection
EndGlobal
