
Microsoft Visual Studio Solution File, Format Version 12.00
Project("{FAE04EC0-301F-11D3-BF4B-00C04F79EFBC}") = "CustomArray", "CustomArray\CustomArray.csproj", "{D2D002D2-33B6-486F-82E2-7699C5E6B5FF}"
EndProject
Project("{FAE04EC0-301F-11D3-BF4B-00C04F79EFBC}") = "CustomArrayTests", "CustomArrayTests\CustomArrayTests.csproj", "{8BB08397-B7BE-4BAF-BDDD-DFD3B7050F01}"
EndProject
Global
	GlobalSection(SolutionConfigurationPlatforms) = preSolution
		Debug|Any CPU = Debug|Any CPU
		Release|Any CPU = Release|Any CPU
	EndGlobalSection
	GlobalSection(ProjectConfigurationPlatforms) = postSolution
		{D2D002D2-33B6-486F-82E2-7699C5E6B5FF}.Debug|Any CPU.ActiveCfg = Debug|Any CPU
		{D2D002D2-33B6-486F-82E2-7699C5E6B5FF}.Debug|Any CPU.Build.0 = Debug|Any CPU
		{D2D002D2-33B6-486F-82E2-7699C5E6B5FF}.Release|Any CPU.ActiveCfg = Release|Any CPU
		{D2D002D2-33B6-486F-82E2-7699C5E6B5FF}.Release|Any CPU.Build.0 = Release|Any CPU
		{8BB08397-B7BE-4BAF-BDDD-DFD3B7050F01}.Debug|Any CPU.ActiveCfg = Debug|Any CPU
		{8BB08397-B7BE-4BAF-BDDD-DFD3B7050F01}.Debug|Any CPU.Build.0 = Debug|Any CPU
		{8BB08397-B7BE-4BAF-BDDD-DFD3B7050F01}.Release|Any CPU.ActiveCfg = Release|Any CPU
		{8BB08397-B7BE-4BAF-BDDD-DFD3B7050F01}.Release|Any CPU.Build.0 = Release|Any CPU
	EndGlobalSection
EndGlobal
